
Microsoft Visual Studio Solution File, Format Version 12.00
# Visual Studio 15
VisualStudioVersion = 15.0.28307.136
MinimumVisualStudioVersion = 10.0.40219.1
Project("{FAE04EC0-301F-11D3-BF4B-00C04F79EFBC}") = "Singleton", "Singleton\Singleton.csproj", "{BFA612FA-0914-4A95-BDE9-62A41633C022}"
EndProject
Project("{FAE04EC0-301F-11D3-BF4B-00C04F79EFBC}") = "FactoryMethod", "FactoryMethod\FactoryMethod.csproj", "{0932952A-FE02-442C-AEEF-5CEE236AB443}"
EndProject
Project("{FAE04EC0-301F-11D3-BF4B-00C04F79EFBC}") = "AbstractFactory", "AbstractFactory\AbstractFactory.csproj", "{029E0360-8408-469E-A34C-1D1C5FE06B59}"
EndProject
Project("{FAE04EC0-301F-11D3-BF4B-00C04F79EFBC}") = "Prototype", "Prototype\Prototype.csproj", "{BE42FC1B-FF3C-4874-ABCE-5C8ECC8C00BC}"
EndProject
Project("{FAE04EC0-301F-11D3-BF4B-00C04F79EFBC}") = "DependencyInjection", "DependencyInjection\DependencyInjection.csproj", "{27D44E84-BC80-4D0B-B452-F23B28056097}"
EndProject
Global
	GlobalSection(SolutionConfigurationPlatforms) = preSolution
		Debug|Any CPU = Debug|Any CPU
		Release|Any CPU = Release|Any CPU
	EndGlobalSection
	GlobalSection(ProjectConfigurationPlatforms) = postSolution
		{BFA612FA-0914-4A95-BDE9-62A41633C022}.Debug|Any CPU.ActiveCfg = Debug|Any CPU
		{BFA612FA-0914-4A95-BDE9-62A41633C022}.Debug|Any CPU.Build.0 = Debug|Any CPU
		{BFA612FA-0914-4A95-BDE9-62A41633C022}.Release|Any CPU.ActiveCfg = Release|Any CPU
		{BFA612FA-0914-4A95-BDE9-62A41633C022}.Release|Any CPU.Build.0 = Release|Any CPU
		{0932952A-FE02-442C-AEEF-5CEE236AB443}.Debug|Any CPU.ActiveCfg = Debug|Any CPU
		{0932952A-FE02-442C-AEEF-5CEE236AB443}.Debug|Any CPU.Build.0 = Debug|Any CPU
		{0932952A-FE02-442C-AEEF-5CEE236AB443}.Release|Any CPU.ActiveCfg = Release|Any CPU
		{0932952A-FE02-442C-AEEF-5CEE236AB443}.Release|Any CPU.Build.0 = Release|Any CPU
		{029E0360-8408-469E-A34C-1D1C5FE06B59}.Debug|Any CPU.ActiveCfg = Debug|Any CPU
		{029E0360-8408-469E-A34C-1D1C5FE06B59}.Debug|Any CPU.Build.0 = Debug|Any CPU
		{029E0360-8408-469E-A34C-1D1C5FE06B59}.Release|Any CPU.ActiveCfg = Release|Any CPU
		{029E0360-8408-469E-A34C-1D1C5FE06B59}.Release|Any CPU.Build.0 = Release|Any CPU
		{BE42FC1B-FF3C-4874-ABCE-5C8ECC8C00BC}.Debug|Any CPU.ActiveCfg = Debug|Any CPU
		{BE42FC1B-FF3C-4874-ABCE-5C8ECC8C00BC}.Debug|Any CPU.Build.0 = Debug|Any CPU
		{BE42FC1B-FF3C-4874-ABCE-5C8ECC8C00BC}.Release|Any CPU.ActiveCfg = Release|Any CPU
		{BE42FC1B-FF3C-4874-ABCE-5C8ECC8C00BC}.Release|Any CPU.Build.0 = Release|Any CPU
		{27D44E84-BC80-4D0B-B452-F23B28056097}.Debug|Any CPU.ActiveCfg = Debug|Any CPU
		{27D44E84-BC80-4D0B-B452-F23B28056097}.Debug|Any CPU.Build.0 = Debug|Any CPU
		{27D44E84-BC80-4D0B-B452-F23B28056097}.Release|Any CPU.ActiveCfg = Release|Any CPU
		{27D44E84-BC80-4D0B-B452-F23B28056097}.Release|Any CPU.Build.0 = Release|Any CPU
	EndGlobalSection
	GlobalSection(SolutionProperties) = preSolution
		HideSolutionNode = FALSE
	EndGlobalSection
	GlobalSection(ExtensibilityGlobals) = postSolution
		SolutionGuid = {B32B001D-BC23-41E8-B567-8465A2B5258C}
	EndGlobalSection
EndGlobal
